// !$*UTF8*$!
{
	archiveVersion = 1;
	classes = {
	};
	objectVersion = 63;
	objects = {

/* Begin PBXBuildFile section */
		02181615CA1D2290DC0F8FE9 /* ContentView.swift in Sources */ = {isa = PBXBuildFile; fileRef = E0614EAB261F98CAEC013DEC /* ContentView.swift */; };
		06E6A7126109158342A2C4D0 /* OllamaProvider.swift in Sources */ = {isa = PBXBuildFile; fileRef = EB2933A190E593BE11FBB4A3 /* OllamaProvider.swift */; };
		11069630A56553E67C61CC1F /* ChatInputView.swift in Sources */ = {isa = PBXBuildFile; fileRef = A4B53CFA2F13F3D4FA3A7152 /* ChatInputView.swift */; };
		120210E3322669F1C2A03429 /* FileTools.swift in Sources */ = {isa = PBXBuildFile; fileRef = 7D9499558B3DCF46A5DA386D /* FileTools.swift */; };
		12AFB17E19300037AE304DE4 /* RatuKidulApp.swift in Sources */ = {isa = PBXBuildFile; fileRef = FC53339FE7761A88B579303A /* RatuKidulApp.swift */; };
		1429000E42A006647AA0EDC8 /* ToolExecutor.swift in Sources */ = {isa = PBXBuildFile; fileRef = 235302F5B4893DD8B7D0D883 /* ToolExecutor.swift */; };
		143A1CBDD771109B3136768A /* MarkdownRenderer.swift in Sources */ = {isa = PBXBuildFile; fileRef = EB9D104694D5CAC1654963C9 /* MarkdownRenderer.swift */; };
		18CB503AC3DEF46DC3CBD254 /* ModelConfig.swift in Sources */ = {isa = PBXBuildFile; fileRef = 91C04DC512A2540B6D9F907E /* ModelConfig.swift */; };
		1D7CDEC2A2A0BB909E6CFCFF /* MessageBubble.swift in Sources */ = {isa = PBXBuildFile; fileRef = 41BFC78EFB86F3D3C7BE1CB6 /* MessageBubble.swift */; };
		21CE3479C39C7A302EEB3246 /* Attachment.swift in Sources */ = {isa = PBXBuildFile; fileRef = 2283011926D25164D4DC05ED /* Attachment.swift */; };
		262B633C75A6CA78D726ECBB /* ChatViewModel.swift in Sources */ = {isa = PBXBuildFile; fileRef = 8E3D88C481E31B9A15CDCC54 /* ChatViewModel.swift */; };
		2895DD52B0508B957D5556AF /* Assets.xcassets in Resources */ = {isa = PBXBuildFile; fileRef = D332D1EDC3E92C761E160200 /* Assets.xcassets */; };
		2AC0D202A264998EA1A299CF /* RatuKidulIDETests.swift in Sources */ = {isa = PBXBuildFile; fileRef = EC68E4750B8D4476FC0A308D /* RatuKidulIDETests.swift */; };
		2D56847548863DA1F2E41D81 /* AppDelegate.swift in Sources */ = {isa = PBXBuildFile; fileRef = 542154F893B3FCC0CB4A016D /* AppDelegate.swift */; };
		3198C68513748C82AABC341B /* ContextBuilder.swift in Sources */ = {isa = PBXBuildFile; fileRef = FFB789ED3D914BE851957E39 /* ContextBuilder.swift */; };
		345EB23F96F882686956A6FB /* ChatView.swift in Sources */ = {isa = PBXBuildFile; fileRef = A9684559950304B66445921F /* ChatView.swift */; };
		375FACDE5BE8D56653BA39D2 /* EditorTab.swift in Sources */ = {isa = PBXBuildFile; fileRef = 0BCC623508CA095F691003E7 /* EditorTab.swift */; };
		3A01EFFE7D0B3B75D668A061 /* SystemPromptBuilder.swift in Sources */ = {isa = PBXBuildFile; fileRef = F9BEA02EFF726DA604584C96 /* SystemPromptBuilder.swift */; };
		3D430A4DEAA5436A4864892D /* MiniMaxProvider.swift in Sources */ = {isa = PBXBuildFile; fileRef = E3F6F1F1B69CFB8020C58C61 /* MiniMaxProvider.swift */; };
		3EA426FC9C2FD6A943A96533 /* ToolResultView.swift in Sources */ = {isa = PBXBuildFile; fileRef = 5636D657291632A38373D4AC /* ToolResultView.swift */; };
		4333CDECD22E36038705EC8D /* EditorTabManager.swift in Sources */ = {isa = PBXBuildFile; fileRef = 2C8BCAB356920980A69ACDF1 /* EditorTabManager.swift */; };
		45F0D1F6DFE5646DCCF21E93 /* Markdown in Frameworks */ = {isa = PBXBuildFile; productRef = 184C764542543F1C28C0576B /* Markdown */; };
		CEV000000000000000000003 /* CodeEditorView in Frameworks */ = {isa = PBXBuildFile; productRef = CEV000000000000000000002 /* CodeEditorView */; };
		50867CA5F5A74A6B1C93057F /* SidebarView.swift in Sources */ = {isa = PBXBuildFile; fileRef = 62840CF1E9624FA86665258B /* SidebarView.swift */; };
		58F1D1226CE635CCCFA14985 /* AddModelForm.swift in Sources */ = {isa = PBXBuildFile; fileRef = 8BD5FF9B3C475AFA8F557F3C /* AddModelForm.swift */; };
		5A60F6E063C6DE9060AB149B /* SearchTools.swift in Sources */ = {isa = PBXBuildFile; fileRef = 05A1847E4C9C03A3D20BDF4F /* SearchTools.swift */; };
		5E82D440CC16E99381C16588 /* EditorContentView.swift in Sources */ = {isa = PBXBuildFile; fileRef = F0DB6F7F6CB8515289A56DA0 /* EditorContentView.swift */; };
		60B29DEB7950588FEE2AAF2A /* AppState.swift in Sources */ = {isa = PBXBuildFile; fileRef = 426E813DE112B910BC8886AE /* AppState.swift */; };
		6B3298943611B3CCEE5FDE66 /* PerplexityProvider.swift in Sources */ = {isa = PBXBuildFile; fileRef = C1F92657D993BEA4C16D7C67 /* PerplexityProvider.swift */; };
		LEV000000000000000000001 /* LightweightEditorView.swift in Sources */ = {isa = PBXBuildFile; fileRef = LEV000000000000000000002 /* LightweightEditorView.swift */; };
		7FD29F4CB26DD53E7205ACE0 /* APIKeysView.swift in Sources */ = {isa = PBXBuildFile; fileRef = 7FEF816594060345AA121FAC /* APIKeysView.swift */; };
		89940E2E5F5118299E6AB426 /* Project.swift in Sources */ = {isa = PBXBuildFile; fileRef = 443E1FA8904B748A5BAE75BF /* Project.swift */; };
		90109840D0A94D55DA587512 /* UserMessageView.swift in Sources */ = {isa = PBXBuildFile; fileRef = BCDF4E8F8195F64F51B07DCA /* UserMessageView.swift */; };
		92085F77366A747ACE55B306 /* MarkdownParser.swift in Sources */ = {isa = PBXBuildFile; fileRef = 08C5C1274A62CC5DFCADABA2 /* MarkdownParser.swift */; };
		921B1DDBD5C9924BA67663D1 /* Chat.swift in Sources */ = {isa = PBXBuildFile; fileRef = 9CB393518FE49D30679BC135 /* Chat.swift */; };
		92B7D02AC20C99E09E8E2397 /* AIProvider.swift in Sources */ = {isa = PBXBuildFile; fileRef = 9C9B4850BBC8EA916D098AF3 /* AIProvider.swift */; };
		9359D2BFE4B4D9290E5E0880 /* SettingsView.swift in Sources */ = {isa = PBXBuildFile; fileRef = 8619C540DAF541200C7C3EBC /* SettingsView.swift */; };
		9558B6BB1BDC1BBE7995AB28 /* ProjectWorkspaceView.swift in Sources */ = {isa = PBXBuildFile; fileRef = 8C49D969DA7B99CA44A8C40F /* ProjectWorkspaceView.swift */; };
		962E0D728DD8877995B67A9B /* GoogleProvider.swift in Sources */ = {isa = PBXBuildFile; fileRef = 3BC950EA73F9F3B8C1E1AE34 /* GoogleProvider.swift */; };
		986F5425AFBDBDCAECB0C7FD /* FileExplorerView.swift in Sources */ = {isa = PBXBuildFile; fileRef = C3EFEC0211A274CD18D6BE1E /* FileExplorerView.swift */; };
		99C164869A002667181C266E /* TabBarView.swift in Sources */ = {isa = PBXBuildFile; fileRef = 9EDDB7FADCD6EA9E6B23C3C2 /* TabBarView.swift */; };
		9CE3DF4D72CD1BE6493BFFE5 /* Message.swift in Sources */ = {isa = PBXBuildFile; fileRef = 46F2AFD7CCC26446C5C35DEB /* Message.swift */; };
		A4F6E06584C22ACA39BBFB01 /* OpenRouterProvider.swift in Sources */ = {isa = PBXBuildFile; fileRef = 2612B62FA329A0F5F46B5726 /* OpenRouterProvider.swift */; };
		A691800491B09F86AB9B443F /* EmptyStateView.swift in Sources */ = {isa = PBXBuildFile; fileRef = 327AD9994E9BD9F555A67732 /* EmptyStateView.swift */; };
		A88A4FB2D2E5E18075B49426 /* CodeEditLanguages in Frameworks */ = {isa = PBXBuildFile; productRef = AD34D473855777602A1D87C0 /* CodeEditLanguages */; };
		B1231E6058C655463E54BD34 /* FontSettings.swift in Sources */ = {isa = PBXBuildFile; fileRef = B1A7FADCC99EDB298F77BF13 /* FontSettings.swift */; };
		B9B5145475EC23A946FF2F5D /* ProviderRegistry.swift in Sources */ = {isa = PBXBuildFile; fileRef = 66CA781176627D6BDB0BC737 /* ProviderRegistry.swift */; };
		BF58EAD0FE71C65F643BB03A /* TokenCounter.swift in Sources */ = {isa = PBXBuildFile; fileRef = B8091E7082D8F0A59C090D6F /* TokenCounter.swift */; };
		BF7A5496776A8DF683F0991C /* KeychainService.swift in Sources */ = {isa = PBXBuildFile; fileRef = F26D71622C4864CAD5D778E6 /* KeychainService.swift */; };
		CADC48DDA9342005D18F3C72 /* ProjectChatHistoryView.swift in Sources */ = {isa = PBXBuildFile; fileRef = 11DEF9CDC0A74C40DB1FF46F /* ProjectChatHistoryView.swift */; };
		D0A1FDFC83A4CC8440EDBA0D /* AnthropicProvider.swift in Sources */ = {isa = PBXBuildFile; fileRef = 4D230CE1E98DD117A9A332FA /* AnthropicProvider.swift */; };
		D32BC4B74953552F353508D7 /* SemanticIndex.swift in Sources */ = {isa = PBXBuildFile; fileRef = 6944779D3609F7343CDBA274 /* SemanticIndex.swift */; };
		D542B7F506C15540DFB6C957 /* OpenAIProvider.swift in Sources */ = {isa = PBXBuildFile; fileRef = A99E6696B69594967CEE9256 /* OpenAIProvider.swift */; };
		DCAF1DF9E5DFF12A27C786B9 /* ModelsSettingsView.swift in Sources */ = {isa = PBXBuildFile; fileRef = 32EB54D55617356F69E055D2 /* ModelsSettingsView.swift */; };
		DFC0DFAC52ED2C4C18B5CE3E /* SummaryService.swift in Sources */ = {isa = PBXBuildFile; fileRef = AE83F993428292885F2662A8 /* SummaryService.swift */; };
		E23D68D3426239036F8A51D4 /* TextToolParser.swift in Sources */ = {isa = PBXBuildFile; fileRef = CE2B2647BA248B4EFFEEC2A1 /* TextToolParser.swift */; };
		F0D050C6485B08DB29ECBF3D /* LMStudioProvider.swift in Sources */ = {isa = PBXBuildFile; fileRef = BD9E5340DCC1E615EC998117 /* LMStudioProvider.swift */; };
		F2FB169D012A7B72C3774B55 /* TerminalTools.swift in Sources */ = {isa = PBXBuildFile; fileRef = 03C2A04DAD81522C3D1E599F /* TerminalTools.swift */; };
		F581E2E1AE6BB4AEFEE95F44 /* ToolDefinitions.swift in Sources */ = {isa = PBXBuildFile; fileRef = 1DEEBFA363C41C745FB1E0FC /* ToolDefinitions.swift */; };
		FA44B54FE525E0C93A563352 /* AgentController.swift in Sources */ = {isa = PBXBuildFile; fileRef = E022CDFF8B10F312615EB369 /* AgentController.swift */; };
		FC2FB1BA030186010337595A /* AIResponseView.swift in Sources */ = {isa = PBXBuildFile; fileRef = 4CDC327D81A33E24D0D0E539 /* AIResponseView.swift */; };
		FD3E1367622F4BB61F14EC08 /* GrokProvider.swift in Sources */ = {isa = PBXBuildFile; fileRef = DEBEA2145C7AAC3284F830FB /* GrokProvider.swift */; };
		LSP002000000000000000001 /* CompletionPopupView.swift in Sources */ = {isa = PBXBuildFile; fileRef = LSP001000000000000000001 /* CompletionPopupView.swift */; };
		LSP002000000000000000002 /* DiagnosticsGutterView.swift in Sources */ = {isa = PBXBuildFile; fileRef = LSP001000000000000000002 /* DiagnosticsGutterView.swift */; };
		LSP002000000000000000003 /* HoverPopoverView.swift in Sources */ = {isa = PBXBuildFile; fileRef = LSP001000000000000000003 /* HoverPopoverView.swift */; };
		LSP002000000000000000004 /* EditorViewModel.swift in Sources */ = {isa = PBXBuildFile; fileRef = LSP001000000000000000004 /* EditorViewModel.swift */; };
		LSP002000000000000000010 /* DocumentVersionManager.swift in Sources */ = {isa = PBXBuildFile; fileRef = LSP001000000000000000010 /* DocumentVersionManager.swift */; };
		LSP002000000000000000011 /* JSONRPCTransport.swift in Sources */ = {isa = PBXBuildFile; fileRef = LSP001000000000000000011 /* JSONRPCTransport.swift */; };
		LSP002000000000000000012 /* LanguageServerConfig.swift in Sources */ = {isa = PBXBuildFile; fileRef = LSP001000000000000000012 /* LanguageServerConfig.swift */; };
		LSP002000000000000000013 /* LSPCache.swift in Sources */ = {isa = PBXBuildFile; fileRef = LSP001000000000000000013 /* LSPCache.swift */; };
		LSP002000000000000000014 /* LSPDebouncer.swift in Sources */ = {isa = PBXBuildFile; fileRef = LSP001000000000000000014 /* LSPDebouncer.swift */; };
		LSP002000000000000000015 /* LSPError.swift in Sources */ = {isa = PBXBuildFile; fileRef = LSP001000000000000000015 /* LSPError.swift */; };
		LSP002000000000000000016 /* LSPLogger.swift in Sources */ = {isa = PBXBuildFile; fileRef = LSP001000000000000000016 /* LSPLogger.swift */; };
		LSP002000000000000000017 /* LSPManager.swift in Sources */ = {isa = PBXBuildFile; fileRef = LSP001000000000000000017 /* LSPManager.swift */; };
		LSP002000000000000000018 /* LSPServerPool.swift in Sources */ = {isa = PBXBuildFile; fileRef = LSP001000000000000000018 /* LSPServerPool.swift */; };
		LSP002000000000000000019 /* LSPSession.swift in Sources */ = {isa = PBXBuildFile; fileRef = LSP001000000000000000019 /* LSPSession.swift */; };
		LSP002000000000000000020 /* LSPTypes.swift in Sources */ = {isa = PBXBuildFile; fileRef = LSP001000000000000000020 /* LSPTypes.swift */; };
/* End PBXBuildFile section */

/* Begin PBXContainerItemProxy section */
		1D94CE562FEBF3078A5147CE /* PBXContainerItemProxy */ = {
			isa = PBXContainerItemProxy;
			containerPortal = F4206B017F43AA6FF9F002F0 /* Project object */;
			proxyType = 1;
			remoteGlobalIDString = 2F88F79EFC196036F6BE9CDD;
			remoteInfo = RatuKidulIDE;
		};
/* End PBXContainerItemProxy section */

/* Begin PBXFileReference section */
		02459AF8E28DAADDEC5DA963 /* Info.plist */ = {isa = PBXFileReference; lastKnownFileType = text.plist; path = Info.plist; sourceTree = "<group>"; };
		03C2A04DAD81522C3D1E599F /* TerminalTools.swift */ = {isa = PBXFileReference; lastKnownFileType = sourcecode.swift; path = TerminalTools.swift; sourceTree = "<group>"; };
		05A1847E4C9C03A3D20BDF4F /* SearchTools.swift */ = {isa = PBXFileReference; lastKnownFileType = sourcecode.swift; path = SearchTools.swift; sourceTree = "<group>"; };
		08C5C1274A62CC5DFCADABA2 /* MarkdownParser.swift */ = {isa = PBXFileReference; lastKnownFileType = sourcecode.swift; path = MarkdownParser.swift; sourceTree = "<group>"; };
		0BCC623508CA095F691003E7 /* EditorTab.swift */ = {isa = PBXFileReference; lastKnownFileType = sourcecode.swift; path = EditorTab.swift; sourceTree = "<group>"; };
		0ECAE172A3BA36264C4382FA /* RatuKidulIDETests.xctest */ = {isa = PBXFileReference; explicitFileType = wrapper.cfbundle; includeInIndex = 0; path = RatuKidulIDETests.xctest; sourceTree = BUILT_PRODUCTS_DIR; };
		11DEF9CDC0A74C40DB1FF46F /* ProjectChatHistoryView.swift */ = {isa = PBXFileReference; lastKnownFileType = sourcecode.swift; path = ProjectChatHistoryView.swift; sourceTree = "<group>"; };
		1DEEBFA363C41C745FB1E0FC /* ToolDefinitions.swift */ = {isa = PBXFileReference; lastKnownFileType = sourcecode.swift; path = ToolDefinitions.swift; sourceTree = "<group>"; };
		2283011926D25164D4DC05ED /* Attachment.swift */ = {isa = PBXFileReference; lastKnownFileType = sourcecode.swift; path = Attachment.swift; sourceTree = "<group>"; };
		235302F5B4893DD8B7D0D883 /* ToolExecutor.swift */ = {isa = PBXFileReference; lastKnownFileType = sourcecode.swift; path = ToolExecutor.swift; sourceTree = "<group>"; };
		LEV000000000000000000002 /* LightweightEditorView.swift */ = {isa = PBXFileReference; lastKnownFileType = sourcecode.swift; path = LightweightEditorView.swift; sourceTree = "<group>"; };
		2612B62FA329A0F5F46B5726 /* OpenRouterProvider.swift */ = {isa = PBXFileReference; lastKnownFileType = sourcecode.swift; path = OpenRouterProvider.swift; sourceTree = "<group>"; };
		2C8BCAB356920980A69ACDF1 /* EditorTabManager.swift */ = {isa = PBXFileReference; lastKnownFileType = sourcecode.swift; path = EditorTabManager.swift; sourceTree = "<group>"; };
		2DE4414E2FAEBE56AA086926 /* RatuKidulIDE.entitlements */ = {isa = PBXFileReference; lastKnownFileType = text.plist.entitlements; path = RatuKidulIDE.entitlements; sourceTree = "<group>"; };
		327AD9994E9BD9F555A67732 /* EmptyStateView.swift */ = {isa = PBXFileReference; lastKnownFileType = sourcecode.swift; path = EmptyStateView.swift; sourceTree = "<group>"; };
		32EB54D55617356F69E055D2 /* ModelsSettingsView.swift */ = {isa = PBXFileReference; lastKnownFileType = sourcecode.swift; path = ModelsSettingsView.swift; sourceTree = "<group>"; };
		3BC950EA73F9F3B8C1E1AE34 /* GoogleProvider.swift */ = {isa = PBXFileReference; lastKnownFileType = sourcecode.swift; path = GoogleProvider.swift; sourceTree = "<group>"; };
		41BFC78EFB86F3D3C7BE1CB6 /* MessageBubble.swift */ = {isa = PBXFileReference; lastKnownFileType = sourcecode.swift; path = MessageBubble.swift; sourceTree = "<group>"; };
		426E813DE112B910BC8886AE /* AppState.swift */ = {isa = PBXFileReference; lastKnownFileType = sourcecode.swift; path = AppState.swift; sourceTree = "<group>"; };
		443E1FA8904B748A5BAE75BF /* Project.swift */ = {isa = PBXFileReference; lastKnownFileType = sourcecode.swift; path = Project.swift; sourceTree = "<group>"; };
		46F2AFD7CCC26446C5C35DEB /* Message.swift */ = {isa = PBXFileReference; lastKnownFileType = sourcecode.swift; path = Message.swift; sourceTree = "<group>"; };
		4CDC327D81A33E24D0D0E539 /* AIResponseView.swift */ = {isa = PBXFileReference; lastKnownFileType = sourcecode.swift; path = AIResponseView.swift; sourceTree = "<group>"; };
		4D230CE1E98DD117A9A332FA /* AnthropicProvider.swift */ = {isa = PBXFileReference; lastKnownFileType = sourcecode.swift; path = AnthropicProvider.swift; sourceTree = "<group>"; };
		542154F893B3FCC0CB4A016D /* AppDelegate.swift */ = {isa = PBXFileReference; lastKnownFileType = sourcecode.swift; path = AppDelegate.swift; sourceTree = "<group>"; };
		5636D657291632A38373D4AC /* ToolResultView.swift */ = {isa = PBXFileReference; lastKnownFileType = sourcecode.swift; path = ToolResultView.swift; sourceTree = "<group>"; };
		62840CF1E9624FA86665258B /* SidebarView.swift */ = {isa = PBXFileReference; lastKnownFileType = sourcecode.swift; path = SidebarView.swift; sourceTree = "<group>"; };
		66CA781176627D6BDB0BC737 /* ProviderRegistry.swift */ = {isa = PBXFileReference; lastKnownFileType = sourcecode.swift; path = ProviderRegistry.swift; sourceTree = "<group>"; };
		6944779D3609F7343CDBA274 /* SemanticIndex.swift */ = {isa = PBXFileReference; lastKnownFileType = sourcecode.swift; path = SemanticIndex.swift; sourceTree = "<group>"; };
		74854133B384AD3809539ECF /* Ratu Kidul IDE.app */ = {isa = PBXFileReference; explicitFileType = wrapper.application; includeInIndex = 0; path = "Ratu Kidul IDE.app"; sourceTree = BUILT_PRODUCTS_DIR; };
		7D9499558B3DCF46A5DA386D /* FileTools.swift */ = {isa = PBXFileReference; lastKnownFileType = sourcecode.swift; path = FileTools.swift; sourceTree = "<group>"; };
		7FEF816594060345AA121FAC /* APIKeysView.swift */ = {isa = PBXFileReference; lastKnownFileType = sourcecode.swift; path = APIKeysView.swift; sourceTree = "<group>"; };
		8619C540DAF541200C7C3EBC /* SettingsView.swift */ = {isa = PBXFileReference; lastKnownFileType = sourcecode.swift; path = SettingsView.swift; sourceTree = "<group>"; };
		8BD5FF9B3C475AFA8F557F3C /* AddModelForm.swift */ = {isa = PBXFileReference; lastKnownFileType = sourcecode.swift; path = AddModelForm.swift; sourceTree = "<group>"; };
		8C49D969DA7B99CA44A8C40F /* ProjectWorkspaceView.swift */ = {isa = PBXFileReference; lastKnownFileType = sourcecode.swift; path = ProjectWorkspaceView.swift; sourceTree = "<group>"; };
		8E3D88C481E31B9A15CDCC54 /* ChatViewModel.swift */ = {isa = PBXFileReference; lastKnownFileType = sourcecode.swift; path = ChatViewModel.swift; sourceTree = "<group>"; };
		91C04DC512A2540B6D9F907E /* ModelConfig.swift */ = {isa = PBXFileReference; lastKnownFileType = sourcecode.swift; path = ModelConfig.swift; sourceTree = "<group>"; };
		9C9B4850BBC8EA916D098AF3 /* AIProvider.swift */ = {isa = PBXFileReference; lastKnownFileType = sourcecode.swift; path = AIProvider.swift; sourceTree = "<group>"; };
		9CB393518FE49D30679BC135 /* Chat.swift */ = {isa = PBXFileReference; lastKnownFileType = sourcecode.swift; path = Chat.swift; sourceTree = "<group>"; };
		9EDDB7FADCD6EA9E6B23C3C2 /* TabBarView.swift */ = {isa = PBXFileReference; lastKnownFileType = sourcecode.swift; path = TabBarView.swift; sourceTree = "<group>"; };
		A4B53CFA2F13F3D4FA3A7152 /* ChatInputView.swift */ = {isa = PBXFileReference; lastKnownFileType = sourcecode.swift; path = ChatInputView.swift; sourceTree = "<group>"; };
		A9684559950304B66445921F /* ChatView.swift */ = {isa = PBXFileReference; lastKnownFileType = sourcecode.swift; path = ChatView.swift; sourceTree = "<group>"; };
		A99E6696B69594967CEE9256 /* OpenAIProvider.swift */ = {isa = PBXFileReference; lastKnownFileType = sourcecode.swift; path = OpenAIProvider.swift; sourceTree = "<group>"; };
		AE83F993428292885F2662A8 /* SummaryService.swift */ = {isa = PBXFileReference; lastKnownFileType = sourcecode.swift; path = SummaryService.swift; sourceTree = "<group>"; };
		B1A7FADCC99EDB298F77BF13 /* FontSettings.swift */ = {isa = PBXFileReference; lastKnownFileType = sourcecode.swift; path = FontSettings.swift; sourceTree = "<group>"; };
		B8091E7082D8F0A59C090D6F /* TokenCounter.swift */ = {isa = PBXFileReference; lastKnownFileType = sourcecode.swift; path = TokenCounter.swift; sourceTree = "<group>"; };
		BCDF4E8F8195F64F51B07DCA /* UserMessageView.swift */ = {isa = PBXFileReference; lastKnownFileType = sourcecode.swift; path = UserMessageView.swift; sourceTree = "<group>"; };
		BD9E5340DCC1E615EC998117 /* LMStudioProvider.swift */ = {isa = PBXFileReference; lastKnownFileType = sourcecode.swift; path = LMStudioProvider.swift; sourceTree = "<group>"; };
		C1F92657D993BEA4C16D7C67 /* PerplexityProvider.swift */ = {isa = PBXFileReference; lastKnownFileType = sourcecode.swift; path = PerplexityProvider.swift; sourceTree = "<group>"; };
		C3EFEC0211A274CD18D6BE1E /* FileExplorerView.swift */ = {isa = PBXFileReference; lastKnownFileType = sourcecode.swift; path = FileExplorerView.swift; sourceTree = "<group>"; };
		CE2B2647BA248B4EFFEEC2A1 /* TextToolParser.swift */ = {isa = PBXFileReference; lastKnownFileType = sourcecode.swift; path = TextToolParser.swift; sourceTree = "<group>"; };
		D332D1EDC3E92C761E160200 /* Assets.xcassets */ = {isa = PBXFileReference; lastKnownFileType = folder.assetcatalog; path = Assets.xcassets; sourceTree = "<group>"; };
		DEBEA2145C7AAC3284F830FB /* GrokProvider.swift */ = {isa = PBXFileReference; lastKnownFileType = sourcecode.swift; path = GrokProvider.swift; sourceTree = "<group>"; };
		E022CDFF8B10F312615EB369 /* AgentController.swift */ = {isa = PBXFileReference; lastKnownFileType = sourcecode.swift; path = AgentController.swift; sourceTree = "<group>"; };
		E0614EAB261F98CAEC013DEC /* ContentView.swift */ = {isa = PBXFileReference; lastKnownFileType = sourcecode.swift; path = ContentView.swift; sourceTree = "<group>"; };
		E3F6F1F1B69CFB8020C58C61 /* MiniMaxProvider.swift */ = {isa = PBXFileReference; lastKnownFileType = sourcecode.swift; path = MiniMaxProvider.swift; sourceTree = "<group>"; };
		EB2933A190E593BE11FBB4A3 /* OllamaProvider.swift */ = {isa = PBXFileReference; lastKnownFileType = sourcecode.swift; path = OllamaProvider.swift; sourceTree = "<group>"; };
		EB9D104694D5CAC1654963C9 /* MarkdownRenderer.swift */ = {isa = PBXFileReference; lastKnownFileType = sourcecode.swift; path = MarkdownRenderer.swift; sourceTree = "<group>"; };
		EC68E4750B8D4476FC0A308D /* RatuKidulIDETests.swift */ = {isa = PBXFileReference; lastKnownFileType = sourcecode.swift; path = RatuKidulIDETests.swift; sourceTree = "<group>"; };
		F0DB6F7F6CB8515289A56DA0 /* EditorContentView.swift */ = {isa = PBXFileReference; lastKnownFileType = sourcecode.swift; path = EditorContentView.swift; sourceTree = "<group>"; };
		F26D71622C4864CAD5D778E6 /* KeychainService.swift */ = {isa = PBXFileReference; lastKnownFileType = sourcecode.swift; path = KeychainService.swift; sourceTree = "<group>"; };
		F9BEA02EFF726DA604584C96 /* SystemPromptBuilder.swift */ = {isa = PBXFileReference; lastKnownFileType = sourcecode.swift; path = SystemPromptBuilder.swift; sourceTree = "<group>"; };
		FC53339FE7761A88B579303A /* RatuKidulApp.swift */ = {isa = PBXFileReference; lastKnownFileType = sourcecode.swift; path = RatuKidulApp.swift; sourceTree = "<group>"; };
		FFB789ED3D914BE851957E39 /* ContextBuilder.swift */ = {isa = PBXFileReference; lastKnownFileType = sourcecode.swift; path = ContextBuilder.swift; sourceTree = "<group>"; };
		LSP001000000000000000001 /* CompletionPopupView.swift */ = {isa = PBXFileReference; lastKnownFileType = sourcecode.swift; path = CompletionPopupView.swift; sourceTree = "<group>"; };
		LSP001000000000000000002 /* DiagnosticsGutterView.swift */ = {isa = PBXFileReference; lastKnownFileType = sourcecode.swift; path = DiagnosticsGutterView.swift; sourceTree = "<group>"; };
		LSP001000000000000000003 /* HoverPopoverView.swift */ = {isa = PBXFileReference; lastKnownFileType = sourcecode.swift; path = HoverPopoverView.swift; sourceTree = "<group>"; };
		LSP001000000000000000004 /* EditorViewModel.swift */ = {isa = PBXFileReference; lastKnownFileType = sourcecode.swift; path = EditorViewModel.swift; sourceTree = "<group>"; };
		LSP001000000000000000010 /* DocumentVersionManager.swift */ = {isa = PBXFileReference; lastKnownFileType = sourcecode.swift; path = DocumentVersionManager.swift; sourceTree = "<group>"; };
		LSP001000000000000000011 /* JSONRPCTransport.swift */ = {isa = PBXFileReference; lastKnownFileType = sourcecode.swift; path = JSONRPCTransport.swift; sourceTree = "<group>"; };
		LSP001000000000000000012 /* LanguageServerConfig.swift */ = {isa = PBXFileReference; lastKnownFileType = sourcecode.swift; path = LanguageServerConfig.swift; sourceTree = "<group>"; };
		LSP001000000000000000013 /* LSPCache.swift */ = {isa = PBXFileReference; lastKnownFileType = sourcecode.swift; path = LSPCache.swift; sourceTree = "<group>"; };
		LSP001000000000000000014 /* LSPDebouncer.swift */ = {isa = PBXFileReference; lastKnownFileType = sourcecode.swift; path = LSPDebouncer.swift; sourceTree = "<group>"; };
		LSP001000000000000000015 /* LSPError.swift */ = {isa = PBXFileReference; lastKnownFileType = sourcecode.swift; path = LSPError.swift; sourceTree = "<group>"; };
		LSP001000000000000000016 /* LSPLogger.swift */ = {isa = PBXFileReference; lastKnownFileType = sourcecode.swift; path = LSPLogger.swift; sourceTree = "<group>"; };
		LSP001000000000000000017 /* LSPManager.swift */ = {isa = PBXFileReference; lastKnownFileType = sourcecode.swift; path = LSPManager.swift; sourceTree = "<group>"; };
		LSP001000000000000000018 /* LSPServerPool.swift */ = {isa = PBXFileReference; lastKnownFileType = sourcecode.swift; path = LSPServerPool.swift; sourceTree = "<group>"; };
		LSP001000000000000000019 /* LSPSession.swift */ = {isa = PBXFileReference; lastKnownFileType = sourcecode.swift; path = LSPSession.swift; sourceTree = "<group>"; };
		LSP001000000000000000020 /* LSPTypes.swift */ = {isa = PBXFileReference; lastKnownFileType = sourcecode.swift; path = LSPTypes.swift; sourceTree = "<group>"; };
/* End PBXFileReference section */

/* Begin PBXFrameworksBuildPhase section */
		175A3B181DE1140FC77FFC00 /* Frameworks */ = {
			isa = PBXFrameworksBuildPhase;
			buildActionMask = 2147483647;
			files = (
				45F0D1F6DFE5646DCCF21E93 /* Markdown in Frameworks */,
				CEV000000000000000000003 /* CodeEditorView in Frameworks */,
			);
			runOnlyForDeploymentPostprocessing = 0;
		};
/* End PBXFrameworksBuildPhase section */

/* Begin PBXGroup section */
		1F77D83BB4CC113C507E45CE /* Products */ = {
			isa = PBXGroup;
			children = (
				74854133B384AD3809539ECF /* Ratu Kidul IDE.app */,
				0ECAE172A3BA36264C4382FA /* RatuKidulIDETests.xctest */,
			);
			name = Products;
			sourceTree = "<group>";
		};
		27227F0FD6A5149D4BE7CAE7 /* Core */ = {
			isa = PBXGroup;
			children = (
				LSP003000000000000000000 /* LSP */,
				AC139EBBC9F3174FC96BA131 /* Providers */,
				EDAD1CC5734DCB3D40ACC1B9 /* Services */,
				3B177401221E1DD1B2A06C9C /* Toolsets */,
			);
			path = Core;
			sourceTree = "<group>";
		};
		28186635030D85A3AAE3FFA7 /* RatuKidulIDETests */ = {
			isa = PBXGroup;
			children = (
				EC68E4750B8D4476FC0A308D /* RatuKidulIDETests.swift */,
			);
			path = RatuKidulIDETests;
			sourceTree = "<group>";
		};
		3B177401221E1DD1B2A06C9C /* Toolsets */ = {
			isa = PBXGroup;
			children = (
				7D9499558B3DCF46A5DA386D /* FileTools.swift */,
				05A1847E4C9C03A3D20BDF4F /* SearchTools.swift */,
				03C2A04DAD81522C3D1E599F /* TerminalTools.swift */,
				1DEEBFA363C41C745FB1E0FC /* ToolDefinitions.swift */,
				235302F5B4893DD8B7D0D883 /* ToolExecutor.swift */,
			);
			path = Toolsets;
			sourceTree = "<group>";
		};
		3D8A548089854AB994CC52F5 /* Settings */ = {
			isa = PBXGroup;
			children = (
				8BD5FF9B3C475AFA8F557F3C /* AddModelForm.swift */,
				7FEF816594060345AA121FAC /* APIKeysView.swift */,
				32EB54D55617356F69E055D2 /* ModelsSettingsView.swift */,
				8619C540DAF541200C7C3EBC /* SettingsView.swift */,
			);
			path = Settings;
			sourceTree = "<group>";
		};
		3FBF6BDCE705E498EC11438A /* Views */ = {
			isa = PBXGroup;
			children = (
				LSP001000000000000000001 /* CompletionPopupView.swift */,
				LSP001000000000000000002 /* DiagnosticsGutterView.swift */,
				F0DB6F7F6CB8515289A56DA0 /* EditorContentView.swift */,
				LSP001000000000000000003 /* HoverPopoverView.swift */,
				LEV000000000000000000002 /* LightweightEditorView.swift */,
				9EDDB7FADCD6EA9E6B23C3C2 /* TabBarView.swift */,
			);
			path = Views;
			sourceTree = "<group>";
		};
		44C8B9778A305E21647A97D0 /* RatuKidulIDE */ = {
			isa = PBXGroup;
			children = (
				A01156C09C7152D1915B9114 /* App */,
				27227F0FD6A5149D4BE7CAE7 /* Core */,
				5B18578AC2E062957BC3415D /* Data */,
				96CBB47022F629035EBEF30C /* Features */,
				86E965782A93DDCA61607829 /* Resources */,
				D579BE2949158BBA4F7B35E4 /* Shared */,
			);
			path = RatuKidulIDE;
			sourceTree = "<group>";
		};
		54E429F9B02081C9F26C2CB7 /* Models */ = {
			isa = PBXGroup;
			children = (
				2283011926D25164D4DC05ED /* Attachment.swift */,
				9CB393518FE49D30679BC135 /* Chat.swift */,
				46F2AFD7CCC26446C5C35DEB /* Message.swift */,
				91C04DC512A2540B6D9F907E /* ModelConfig.swift */,
				443E1FA8904B748A5BAE75BF /* Project.swift */,
			);
			path = Models;
			sourceTree = "<group>";
		};
		571243C9676AF0219F6DB294 /* ViewModels */ = {
			isa = PBXGroup;
			children = (
				8E3D88C481E31B9A15CDCC54 /* ChatViewModel.swift */,
			);
			path = ViewModels;
			sourceTree = "<group>";
		};
		5B18578AC2E062957BC3415D /* Data */ = {
			isa = PBXGroup;
			children = (
				54E429F9B02081C9F26C2CB7 /* Models */,
			);
			path = Data;
			sourceTree = "<group>";
		};
		7AAC9D2AE60BE4A63BECAE29 /* Components */ = {
			isa = PBXGroup;
			children = (
				327AD9994E9BD9F555A67732 /* EmptyStateView.swift */,
			);
			path = Components;
			sourceTree = "<group>";
		};
		86E965782A93DDCA61607829 /* Resources */ = {
			isa = PBXGroup;
			children = (
				D332D1EDC3E92C761E160200 /* Assets.xcassets */,
				02459AF8E28DAADDEC5DA963 /* Info.plist */,
				2DE4414E2FAEBE56AA086926 /* RatuKidulIDE.entitlements */,
			);
			path = Resources;
			sourceTree = "<group>";
		};
		96CBB47022F629035EBEF30C /* Features */ = {
			isa = PBXGroup;
			children = (
				CFF73BA3C04F7FC955D56E10 /* Chat */,
				C63780623B2AF92A1F03B7D8 /* Editor */,
				A8D9C975E15855F8FB8B3017 /* Project */,
				3D8A548089854AB994CC52F5 /* Settings */,
				B73706DC2EFCE63CCECA2F94 /* Sidebar */,
			);
			path = Features;
			sourceTree = "<group>";
		};
		A01156C09C7152D1915B9114 /* App */ = {
			isa = PBXGroup;
			children = (
				542154F893B3FCC0CB4A016D /* AppDelegate.swift */,
				426E813DE112B910BC8886AE /* AppState.swift */,
				E0614EAB261F98CAEC013DEC /* ContentView.swift */,
				FC53339FE7761A88B579303A /* RatuKidulApp.swift */,
			);
			path = App;
			sourceTree = "<group>";
		};
		A06645912338C416B5BC1EB1 /* Models */ = {
			isa = PBXGroup;
			children = (
				0BCC623508CA095F691003E7 /* EditorTab.swift */,
			);
			path = Models;
			sourceTree = "<group>";
		};
		A33B1173EF511CC4D95B7C95 /* Views */ = {
			isa = PBXGroup;
			children = (
				4CDC327D81A33E24D0D0E539 /* AIResponseView.swift */,
				A4B53CFA2F13F3D4FA3A7152 /* ChatInputView.swift */,
				A9684559950304B66445921F /* ChatView.swift */,
				41BFC78EFB86F3D3C7BE1CB6 /* MessageBubble.swift */,
				11DEF9CDC0A74C40DB1FF46F /* ProjectChatHistoryView.swift */,
				5636D657291632A38373D4AC /* ToolResultView.swift */,
				BCDF4E8F8195F64F51B07DCA /* UserMessageView.swift */,
			);
			path = Views;
			sourceTree = "<group>";
		};
		A386F30F55E1B32B62CC04B2 /* ViewModels */ = {
			isa = PBXGroup;
			children = (
				2C8BCAB356920980A69ACDF1 /* EditorTabManager.swift */,
				LSP001000000000000000004 /* EditorViewModel.swift */,
			);
			path = ViewModels;
			sourceTree = "<group>";
		};
		A8D9C975E15855F8FB8B3017 /* Project */ = {
			isa = PBXGroup;
			children = (
				C3EFEC0211A274CD18D6BE1E /* FileExplorerView.swift */,
				8C49D969DA7B99CA44A8C40F /* ProjectWorkspaceView.swift */,
			);
			path = Project;
			sourceTree = "<group>";
		};
		AC139EBBC9F3174FC96BA131 /* Providers */ = {
			isa = PBXGroup;
			children = (
				9C9B4850BBC8EA916D098AF3 /* AIProvider.swift */,
				4D230CE1E98DD117A9A332FA /* AnthropicProvider.swift */,
				3BC950EA73F9F3B8C1E1AE34 /* GoogleProvider.swift */,
				DEBEA2145C7AAC3284F830FB /* GrokProvider.swift */,
				BD9E5340DCC1E615EC998117 /* LMStudioProvider.swift */,
				E3F6F1F1B69CFB8020C58C61 /* MiniMaxProvider.swift */,
				EB2933A190E593BE11FBB4A3 /* OllamaProvider.swift */,
				A99E6696B69594967CEE9256 /* OpenAIProvider.swift */,
				2612B62FA329A0F5F46B5726 /* OpenRouterProvider.swift */,
				C1F92657D993BEA4C16D7C67 /* PerplexityProvider.swift */,
				66CA781176627D6BDB0BC737 /* ProviderRegistry.swift */,
			);
			path = Providers;
			sourceTree = "<group>";
		};
		B73706DC2EFCE63CCECA2F94 /* Sidebar */ = {
			isa = PBXGroup;
			children = (
				62840CF1E9624FA86665258B /* SidebarView.swift */,
			);
			path = Sidebar;
			sourceTree = "<group>";
		};
		C63780623B2AF92A1F03B7D8 /* Editor */ = {
			isa = PBXGroup;
			children = (
				A06645912338C416B5BC1EB1 /* Models */,
				A386F30F55E1B32B62CC04B2 /* ViewModels */,
				3FBF6BDCE705E498EC11438A /* Views */,
			);
			path = Editor;
			sourceTree = "<group>";
		};
		CFF73BA3C04F7FC955D56E10 /* Chat */ = {
			isa = PBXGroup;
			children = (
				571243C9676AF0219F6DB294 /* ViewModels */,
				A33B1173EF511CC4D95B7C95 /* Views */,
			);
			path = Chat;
			sourceTree = "<group>";
		};
		D579BE2949158BBA4F7B35E4 /* Shared */ = {
			isa = PBXGroup;
			children = (
				7AAC9D2AE60BE4A63BECAE29 /* Components */,
			);
			path = Shared;
			sourceTree = "<group>";
		};
		EDAD1CC5734DCB3D40ACC1B9 /* Services */ = {
			isa = PBXGroup;
			children = (
				E022CDFF8B10F312615EB369 /* AgentController.swift */,
				FFB789ED3D914BE851957E39 /* ContextBuilder.swift */,
				B1A7FADCC99EDB298F77BF13 /* FontSettings.swift */,
				F26D71622C4864CAD5D778E6 /* KeychainService.swift */,
				08C5C1274A62CC5DFCADABA2 /* MarkdownParser.swift */,
				EB9D104694D5CAC1654963C9 /* MarkdownRenderer.swift */,
				6944779D3609F7343CDBA274 /* SemanticIndex.swift */,
				AE83F993428292885F2662A8 /* SummaryService.swift */,
				F9BEA02EFF726DA604584C96 /* SystemPromptBuilder.swift */,
				CE2B2647BA248B4EFFEEC2A1 /* TextToolParser.swift */,
				B8091E7082D8F0A59C090D6F /* TokenCounter.swift */,
			);
			path = Services;
			sourceTree = "<group>";
		};
		F9F81DDEF3CFF73F4AB27F8D = {
			isa = PBXGroup;
			children = (
				44C8B9778A305E21647A97D0 /* RatuKidulIDE */,
				28186635030D85A3AAE3FFA7 /* RatuKidulIDETests */,
				1F77D83BB4CC113C507E45CE /* Products */,
			);
			sourceTree = "<group>";
		};
		LSP003000000000000000000 /* LSP */ = {
			isa = PBXGroup;
			children = (
				LSP001000000000000000010 /* DocumentVersionManager.swift */,
				LSP001000000000000000011 /* JSONRPCTransport.swift */,
				LSP001000000000000000012 /* LanguageServerConfig.swift */,
				LSP001000000000000000013 /* LSPCache.swift */,
				LSP001000000000000000014 /* LSPDebouncer.swift */,
				LSP001000000000000000015 /* LSPError.swift */,
				LSP001000000000000000016 /* LSPLogger.swift */,
				LSP001000000000000000017 /* LSPManager.swift */,
				LSP001000000000000000018 /* LSPServerPool.swift */,
				LSP001000000000000000019 /* LSPSession.swift */,
				LSP001000000000000000020 /* LSPTypes.swift */,
			);
			path = LSP;
			sourceTree = "<group>";
		};
/* End PBXGroup section */

/* Begin PBXNativeTarget section */
		2F88F79EFC196036F6BE9CDD /* RatuKidulIDE */ = {
			isa = PBXNativeTarget;
			buildConfigurationList = A7D364A45C4D5A6E57313764 /* Build configuration list for PBXNativeTarget "RatuKidulIDE" */;
			buildPhases = (
				64A805C7B70082C5246E4792 /* Sources */,
				77533720AD267D2C11FF44AF /* Resources */,
				175A3B181DE1140FC77FFC00 /* Frameworks */,
			);
			buildRules = (
			);
			dependencies = (
			);
			name = RatuKidulIDE;
			packageProductDependencies = (
				184C764542543F1C28C0576B /* Markdown */,
				CEV000000000000000000002 /* CodeEditorView */,
			);
			productName = RatuKidulIDE;
			productReference = 74854133B384AD3809539ECF /* Ratu Kidul IDE.app */;
			productType = "com.apple.product-type.application";
		};
		FF39553E450331A525A5F5D0 /* RatuKidulIDETests */ = {
			isa = PBXNativeTarget;
			buildConfigurationList = 14A856C58107F242B9705B0B /* Build configuration list for PBXNativeTarget "RatuKidulIDETests" */;
			buildPhases = (
				D4BF4456A02C2324353CE620 /* Sources */,
			);
			buildRules = (
			);
			dependencies = (
				3E1CB1F36CC8B6597C10CB26 /* PBXTargetDependency */,
			);
			name = RatuKidulIDETests;
			packageProductDependencies = (
			);
			productName = RatuKidulIDETests;
			productReference = 0ECAE172A3BA36264C4382FA /* RatuKidulIDETests.xctest */;
			productType = "com.apple.product-type.bundle.unit-test";
		};
/* End PBXNativeTarget section */

/* Begin PBXProject section */
		F4206B017F43AA6FF9F002F0 /* Project object */ = {
			isa = PBXProject;
			attributes = {
				BuildIndependentTargetsInParallel = YES;
				LastUpgradeCheck = 2620;
				TargetAttributes = {
					2F88F79EFC196036F6BE9CDD = {
						DevelopmentTeam = "";
						ProvisioningStyle = Manual;
					};
				};
			};
			buildConfigurationList = 7D87F253D9426F9AAA648B7A /* Build configuration list for PBXProject "RatuKidulIDE" */;
			compatibilityVersion = "Xcode 14.0";
			developmentRegion = en;
			hasScannedForEncodings = 0;
			knownRegions = (
				Base,
				en,
			);
			mainGroup = F9F81DDEF3CFF73F4AB27F8D;
			minimizedProjectReferenceProxies = 1;
			packageReferences = (
				A980019BBFA08BADB3347E4A /* XCRemoteSwiftPackageReference "swift-markdown" */,
				CEV000000000000000000001 /* XCRemoteSwiftPackageReference "CodeEditorView" */,
			);
			projectDirPath = "";
			projectRoot = "";
			targets = (
				2F88F79EFC196036F6BE9CDD /* RatuKidulIDE */,
				FF39553E450331A525A5F5D0 /* RatuKidulIDETests */,
			);
		};
/* End PBXProject section */

/* Begin PBXResourcesBuildPhase section */
		77533720AD267D2C11FF44AF /* Resources */ = {
			isa = PBXResourcesBuildPhase;
			buildActionMask = 2147483647;
			files = (
				2895DD52B0508B957D5556AF /* Assets.xcassets in Resources */,
			);
			runOnlyForDeploymentPostprocessing = 0;
		};
/* End PBXResourcesBuildPhase section */

/* Begin PBXSourcesBuildPhase section */
		64A805C7B70082C5246E4792 /* Sources */ = {
			isa = PBXSourcesBuildPhase;
			buildActionMask = 2147483647;
			files = (
				92B7D02AC20C99E09E8E2397 /* AIProvider.swift in Sources */,
				LSP002000000000000000001 /* CompletionPopupView.swift in Sources */,
				LSP002000000000000000002 /* DiagnosticsGutterView.swift in Sources */,
				LSP002000000000000000010 /* DocumentVersionManager.swift in Sources */,
				LSP002000000000000000004 /* EditorViewModel.swift in Sources */,
				LSP002000000000000000003 /* HoverPopoverView.swift in Sources */,
				LSP002000000000000000011 /* JSONRPCTransport.swift in Sources */,
				LSP002000000000000000012 /* LanguageServerConfig.swift in Sources */,
				LSP002000000000000000013 /* LSPCache.swift in Sources */,
				LSP002000000000000000014 /* LSPDebouncer.swift in Sources */,
				LSP002000000000000000015 /* LSPError.swift in Sources */,
				LSP002000000000000000016 /* LSPLogger.swift in Sources */,
				LSP002000000000000000017 /* LSPManager.swift in Sources */,
				LSP002000000000000000018 /* LSPServerPool.swift in Sources */,
				LSP002000000000000000019 /* LSPSession.swift in Sources */,
				LSP002000000000000000020 /* LSPTypes.swift in Sources */,
				FC2FB1BA030186010337595A /* AIResponseView.swift in Sources */,
				7FD29F4CB26DD53E7205ACE0 /* APIKeysView.swift in Sources */,
				58F1D1226CE635CCCFA14985 /* AddModelForm.swift in Sources */,
				FA44B54FE525E0C93A563352 /* AgentController.swift in Sources */,
				D0A1FDFC83A4CC8440EDBA0D /* AnthropicProvider.swift in Sources */,
				2D56847548863DA1F2E41D81 /* AppDelegate.swift in Sources */,
				60B29DEB7950588FEE2AAF2A /* AppState.swift in Sources */,
				21CE3479C39C7A302EEB3246 /* Attachment.swift in Sources */,
				921B1DDBD5C9924BA67663D1 /* Chat.swift in Sources */,
				11069630A56553E67C61CC1F /* ChatInputView.swift in Sources */,
				345EB23F96F882686956A6FB /* ChatView.swift in Sources */,
				262B633C75A6CA78D726ECBB /* ChatViewModel.swift in Sources */,
				02181615CA1D2290DC0F8FE9 /* ContentView.swift in Sources */,
				LEV000000000000000000001 /* LightweightEditorView.swift in Sources */,
				3198C68513748C82AABC341B /* ContextBuilder.swift in Sources */,
				5E82D440CC16E99381C16588 /* EditorContentView.swift in Sources */,
				375FACDE5BE8D56653BA39D2 /* EditorTab.swift in Sources */,
				4333CDECD22E36038705EC8D /* EditorTabManager.swift in Sources */,
				A691800491B09F86AB9B443F /* EmptyStateView.swift in Sources */,
				986F5425AFBDBDCAECB0C7FD /* FileExplorerView.swift in Sources */,
				120210E3322669F1C2A03429 /* FileTools.swift in Sources */,
				B1231E6058C655463E54BD34 /* FontSettings.swift in Sources */,
				962E0D728DD8877995B67A9B /* GoogleProvider.swift in Sources */,
				FD3E1367622F4BB61F14EC08 /* GrokProvider.swift in Sources */,
				BF7A5496776A8DF683F0991C /* KeychainService.swift in Sources */,
				F0D050C6485B08DB29ECBF3D /* LMStudioProvider.swift in Sources */,
				92085F77366A747ACE55B306 /* MarkdownParser.swift in Sources */,
				143A1CBDD771109B3136768A /* MarkdownRenderer.swift in Sources */,
				9CE3DF4D72CD1BE6493BFFE5 /* Message.swift in Sources */,
				1D7CDEC2A2A0BB909E6CFCFF /* MessageBubble.swift in Sources */,
				3D430A4DEAA5436A4864892D /* MiniMaxProvider.swift in Sources */,
				18CB503AC3DEF46DC3CBD254 /* ModelConfig.swift in Sources */,
				DCAF1DF9E5DFF12A27C786B9 /* ModelsSettingsView.swift in Sources */,
				06E6A7126109158342A2C4D0 /* OllamaProvider.swift in Sources */,
				D542B7F506C15540DFB6C957 /* OpenAIProvider.swift in Sources */,
				A4F6E06584C22ACA39BBFB01 /* OpenRouterProvider.swift in Sources */,
				6B3298943611B3CCEE5FDE66 /* PerplexityProvider.swift in Sources */,
				89940E2E5F5118299E6AB426 /* Project.swift in Sources */,
				CADC48DDA9342005D18F3C72 /* ProjectChatHistoryView.swift in Sources */,
				9558B6BB1BDC1BBE7995AB28 /* ProjectWorkspaceView.swift in Sources */,
				B9B5145475EC23A946FF2F5D /* ProviderRegistry.swift in Sources */,
				12AFB17E19300037AE304DE4 /* RatuKidulApp.swift in Sources */,
				5A60F6E063C6DE9060AB149B /* SearchTools.swift in Sources */,
				D32BC4B74953552F353508D7 /* SemanticIndex.swift in Sources */,
				9359D2BFE4B4D9290E5E0880 /* SettingsView.swift in Sources */,
				50867CA5F5A74A6B1C93057F /* SidebarView.swift in Sources */,
				DFC0DFAC52ED2C4C18B5CE3E /* SummaryService.swift in Sources */,
				3A01EFFE7D0B3B75D668A061 /* SystemPromptBuilder.swift in Sources */,
				99C164869A002667181C266E /* TabBarView.swift in Sources */,
				F2FB169D012A7B72C3774B55 /* TerminalTools.swift in Sources */,
				E23D68D3426239036F8A51D4 /* TextToolParser.swift in Sources */,
				BF58EAD0FE71C65F643BB03A /* TokenCounter.swift in Sources */,
				F581E2E1AE6BB4AEFEE95F44 /* ToolDefinitions.swift in Sources */,
				1429000E42A006647AA0EDC8 /* ToolExecutor.swift in Sources */,
				3EA426FC9C2FD6A943A96533 /* ToolResultView.swift in Sources */,
				90109840D0A94D55DA587512 /* UserMessageView.swift in Sources */,
			);
			runOnlyForDeploymentPostprocessing = 0;
		};
		D4BF4456A02C2324353CE620 /* Sources */ = {
			isa = PBXSourcesBuildPhase;
			buildActionMask = 2147483647;
			files = (
				2AC0D202A264998EA1A299CF /* RatuKidulIDETests.swift in Sources */,
			);
			runOnlyForDeploymentPostprocessing = 0;
		};
/* End PBXSourcesBuildPhase section */

/* Begin PBXTargetDependency section */
		3E1CB1F36CC8B6597C10CB26 /* PBXTargetDependency */ = {
			isa = PBXTargetDependency;
			target = 2F88F79EFC196036F6BE9CDD /* RatuKidulIDE */;
			targetProxy = 1D94CE562FEBF3078A5147CE /* PBXContainerItemProxy */;
		};
/* End PBXTargetDependency section */

/* Begin XCBuildConfiguration section */
		377EB8CC9395788336D07C5F /* Debug */ = {
			isa = XCBuildConfiguration;
			buildSettings = {
				BUNDLE_LOADER = "$(TEST_HOST)";
				COMBINE_HIDPI_IMAGES = YES;
				DEAD_CODE_STRIPPING = YES;
				LD_RUNPATH_SEARCH_PATHS = (
					"$(inherited)",
					"@executable_path/../Frameworks",
					"@loader_path/../Frameworks",
				);
				PRODUCT_BUNDLE_IDENTIFIER = sh.ratukidul.ide.tests;
				SDKROOT = macosx;
				SWIFT_VERSION = 5.9;
				TEST_HOST = "$(BUILT_PRODUCTS_DIR)/RatuKidulIDE.app/Contents/MacOS/RatuKidulIDE";
			};
			name = Debug;
		};
		41639638B81546DB5F3F3718 /* Release */ = {
			isa = XCBuildConfiguration;
			buildSettings = {
				ALWAYS_SEARCH_USER_PATHS = NO;
				CLANG_ANALYZER_NONNULL = YES;
				CLANG_ANALYZER_NUMBER_OBJECT_CONVERSION = YES_AGGRESSIVE;
				CLANG_CXX_LANGUAGE_STANDARD = "gnu++14";
				CLANG_CXX_LIBRARY = "libc++";
				CLANG_ENABLE_MODULES = YES;
				CLANG_ENABLE_OBJC_ARC = YES;
				CLANG_ENABLE_OBJC_WEAK = YES;
				CLANG_WARN_BLOCK_CAPTURE_AUTORELEASING = YES;
				CLANG_WARN_BOOL_CONVERSION = YES;
				CLANG_WARN_COMMA = YES;
				CLANG_WARN_CONSTANT_CONVERSION = YES;
				CLANG_WARN_DEPRECATED_OBJC_IMPLEMENTATIONS = YES;
				CLANG_WARN_DIRECT_OBJC_ISA_USAGE = YES_ERROR;
				CLANG_WARN_DOCUMENTATION_COMMENTS = YES;
				CLANG_WARN_EMPTY_BODY = YES;
				CLANG_WARN_ENUM_CONVERSION = YES;
				CLANG_WARN_INFINITE_RECURSION = YES;
				CLANG_WARN_INT_CONVERSION = YES;
				CLANG_WARN_NON_LITERAL_NULL_CONVERSION = YES;
				CLANG_WARN_OBJC_IMPLICIT_RETAIN_SELF = YES;
				CLANG_WARN_OBJC_LITERAL_CONVERSION = YES;
				CLANG_WARN_OBJC_ROOT_CLASS = YES_ERROR;
				CLANG_WARN_QUOTED_INCLUDE_IN_FRAMEWORK_HEADER = YES;
				CLANG_WARN_RANGE_LOOP_ANALYSIS = YES;
				CLANG_WARN_STRICT_PROTOTYPES = YES;
				CLANG_WARN_SUSPICIOUS_MOVE = YES;
				CLANG_WARN_UNGUARDED_AVAILABILITY = YES_AGGRESSIVE;
				CLANG_WARN_UNREACHABLE_CODE = YES;
				CLANG_WARN__DUPLICATE_METHOD_MATCH = YES;
				COPY_PHASE_STRIP = NO;
				DEAD_CODE_STRIPPING = YES;
				DEBUG_INFORMATION_FORMAT = "dwarf-with-dsym";
				ENABLE_NS_ASSERTIONS = NO;
				ENABLE_STRICT_OBJC_MSGSEND = YES;
				ENABLE_USER_SCRIPT_SANDBOXING = YES;
				GCC_C_LANGUAGE_STANDARD = gnu11;
				GCC_NO_COMMON_BLOCKS = YES;
				GCC_WARN_64_TO_32_BIT_CONVERSION = YES;
				GCC_WARN_ABOUT_RETURN_TYPE = YES_ERROR;
				GCC_WARN_UNDECLARED_SELECTOR = YES;
				GCC_WARN_UNINITIALIZED_AUTOS = YES_AGGRESSIVE;
				GCC_WARN_UNUSED_FUNCTION = YES;
				GCC_WARN_UNUSED_VARIABLE = YES;
				MACOSX_DEPLOYMENT_TARGET = 26.0;
				MTL_ENABLE_DEBUG_INFO = NO;
				MTL_FAST_MATH = YES;
				PRODUCT_NAME = "$(TARGET_NAME)";
				SDKROOT = macosx;
				STRING_CATALOG_GENERATE_SYMBOLS = YES;
				SWIFT_COMPILATION_MODE = wholemodule;
				SWIFT_OPTIMIZATION_LEVEL = "-O";
				SWIFT_VERSION = 5.0;
			};
			name = Release;
		};
		471969736924F21740066BE3 /* Debug */ = {
			isa = XCBuildConfiguration;
			buildSettings = {
				ALWAYS_SEARCH_USER_PATHS = NO;
				CLANG_ANALYZER_NONNULL = YES;
				CLANG_ANALYZER_NUMBER_OBJECT_CONVERSION = YES_AGGRESSIVE;
				CLANG_CXX_LANGUAGE_STANDARD = "gnu++14";
				CLANG_CXX_LIBRARY = "libc++";
				CLANG_ENABLE_MODULES = YES;
				CLANG_ENABLE_OBJC_ARC = YES;
				CLANG_ENABLE_OBJC_WEAK = YES;
				CLANG_WARN_BLOCK_CAPTURE_AUTORELEASING = YES;
				CLANG_WARN_BOOL_CONVERSION = YES;
				CLANG_WARN_COMMA = YES;
				CLANG_WARN_CONSTANT_CONVERSION = YES;
				CLANG_WARN_DEPRECATED_OBJC_IMPLEMENTATIONS = YES;
				CLANG_WARN_DIRECT_OBJC_ISA_USAGE = YES_ERROR;
				CLANG_WARN_DOCUMENTATION_COMMENTS = YES;
				CLANG_WARN_EMPTY_BODY = YES;
				CLANG_WARN_ENUM_CONVERSION = YES;
				CLANG_WARN_INFINITE_RECURSION = YES;
				CLANG_WARN_INT_CONVERSION = YES;
				CLANG_WARN_NON_LITERAL_NULL_CONVERSION = YES;
				CLANG_WARN_OBJC_IMPLICIT_RETAIN_SELF = YES;
				CLANG_WARN_OBJC_LITERAL_CONVERSION = YES;
				CLANG_WARN_OBJC_ROOT_CLASS = YES_ERROR;
				CLANG_WARN_QUOTED_INCLUDE_IN_FRAMEWORK_HEADER = YES;
				CLANG_WARN_RANGE_LOOP_ANALYSIS = YES;
				CLANG_WARN_STRICT_PROTOTYPES = YES;
				CLANG_WARN_SUSPICIOUS_MOVE = YES;
				CLANG_WARN_UNGUARDED_AVAILABILITY = YES_AGGRESSIVE;
				CLANG_WARN_UNREACHABLE_CODE = YES;
				CLANG_WARN__DUPLICATE_METHOD_MATCH = YES;
				COPY_PHASE_STRIP = NO;
				DEAD_CODE_STRIPPING = YES;
				DEBUG_INFORMATION_FORMAT = dwarf;
				ENABLE_STRICT_OBJC_MSGSEND = YES;
				ENABLE_TESTABILITY = YES;
				ENABLE_USER_SCRIPT_SANDBOXING = YES;
				GCC_C_LANGUAGE_STANDARD = gnu11;
				GCC_DYNAMIC_NO_PIC = NO;
				GCC_NO_COMMON_BLOCKS = YES;
				GCC_OPTIMIZATION_LEVEL = 0;
				GCC_PREPROCESSOR_DEFINITIONS = (
					"$(inherited)",
					"DEBUG=1",
				);
				GCC_WARN_64_TO_32_BIT_CONVERSION = YES;
				GCC_WARN_ABOUT_RETURN_TYPE = YES_ERROR;
				GCC_WARN_UNDECLARED_SELECTOR = YES;
				GCC_WARN_UNINITIALIZED_AUTOS = YES_AGGRESSIVE;
				GCC_WARN_UNUSED_FUNCTION = YES;
				GCC_WARN_UNUSED_VARIABLE = YES;
				MACOSX_DEPLOYMENT_TARGET = 26.0;
				MTL_ENABLE_DEBUG_INFO = INCLUDE_SOURCE;
				MTL_FAST_MATH = YES;
				ONLY_ACTIVE_ARCH = YES;
				PRODUCT_NAME = "$(TARGET_NAME)";
				SDKROOT = macosx;
				STRING_CATALOG_GENERATE_SYMBOLS = YES;
				SWIFT_ACTIVE_COMPILATION_CONDITIONS = DEBUG;
				SWIFT_OPTIMIZATION_LEVEL = "-Onone";
				SWIFT_VERSION = 5.0;
			};
			name = Debug;
		};
		AAED0AAD324A643AAE21DD99 /* Release */ = {
			isa = XCBuildConfiguration;
			buildSettings = {
				BUNDLE_LOADER = "$(TEST_HOST)";
				COMBINE_HIDPI_IMAGES = YES;
				DEAD_CODE_STRIPPING = YES;
				LD_RUNPATH_SEARCH_PATHS = (
					"$(inherited)",
					"@executable_path/../Frameworks",
					"@loader_path/../Frameworks",
				);
				PRODUCT_BUNDLE_IDENTIFIER = sh.ratukidul.ide.tests;
				SDKROOT = macosx;
				SWIFT_VERSION = 5.9;
				TEST_HOST = "$(BUILT_PRODUCTS_DIR)/RatuKidulIDE.app/Contents/MacOS/RatuKidulIDE";
			};
			name = Release;
		};
		C4DAD6C513A79BCCDF18F20D /* Debug */ = {
			isa = XCBuildConfiguration;
			buildSettings = {
				ASSETCATALOG_COMPILER_APPICON_NAME = AppIcon;
				CODE_SIGNING_ALLOWED = NO;
				CODE_SIGN_ENTITLEMENTS = RatuKidulIDE/Resources/RatuKidulIDE.entitlements;
				CODE_SIGN_IDENTITY = "-";
				CODE_SIGN_STYLE = Manual;
				COMBINE_HIDPI_IMAGES = YES;
				DEAD_CODE_STRIPPING = YES;
				DEVELOPMENT_TEAM = "";
				ENABLE_HARDENED_RUNTIME = NO;
				INFOPLIST_FILE = RatuKidulIDE/Resources/Info.plist;
				LD_RUNPATH_SEARCH_PATHS = (
					"$(inherited)",
					"@executable_path/../Frameworks",
				);
				MACOSX_DEPLOYMENT_TARGET = 26.0;
				PRODUCT_BUNDLE_IDENTIFIER = sh.ratukidul.ide;
				PRODUCT_NAME = "Ratu Kidul IDE";
				SDKROOT = macosx;
				SWIFT_VERSION = 5.9;
			};
			name = Debug;
		};
		F0693FCBB287EBB47FB60E5D /* Release */ = {
			isa = XCBuildConfiguration;
			buildSettings = {
				ASSETCATALOG_COMPILER_APPICON_NAME = AppIcon;
				CODE_SIGNING_ALLOWED = NO;
				CODE_SIGN_ENTITLEMENTS = RatuKidulIDE/Resources/RatuKidulIDE.entitlements;
				CODE_SIGN_IDENTITY = "-";
				CODE_SIGN_STYLE = Manual;
				COMBINE_HIDPI_IMAGES = YES;
				DEAD_CODE_STRIPPING = YES;
				DEVELOPMENT_TEAM = "";
				ENABLE_HARDENED_RUNTIME = NO;
				INFOPLIST_FILE = RatuKidulIDE/Resources/Info.plist;
				LD_RUNPATH_SEARCH_PATHS = (
					"$(inherited)",
					"@executable_path/../Frameworks",
				);
				MACOSX_DEPLOYMENT_TARGET = 26.0;
				PRODUCT_BUNDLE_IDENTIFIER = sh.ratukidul.ide;
				PRODUCT_NAME = "Ratu Kidul IDE";
				SDKROOT = macosx;
				SWIFT_VERSION = 5.9;
			};
			name = Release;
		};
/* End XCBuildConfiguration section */

/* Begin XCConfigurationList section */
		14A856C58107F242B9705B0B /* Build configuration list for PBXNativeTarget "RatuKidulIDETests" */ = {
			isa = XCConfigurationList;
			buildConfigurations = (
				377EB8CC9395788336D07C5F /* Debug */,
				AAED0AAD324A643AAE21DD99 /* Release */,
			);
			defaultConfigurationIsVisible = 0;
			defaultConfigurationName = Debug;
		};
		7D87F253D9426F9AAA648B7A /* Build configuration list for PBXProject "RatuKidulIDE" */ = {
			isa = XCConfigurationList;
			buildConfigurations = (
				471969736924F21740066BE3 /* Debug */,
				41639638B81546DB5F3F3718 /* Release */,
			);
			defaultConfigurationIsVisible = 0;
			defaultConfigurationName = Debug;
		};
		A7D364A45C4D5A6E57313764 /* Build configuration list for PBXNativeTarget "RatuKidulIDE" */ = {
			isa = XCConfigurationList;
			buildConfigurations = (
				C4DAD6C513A79BCCDF18F20D /* Debug */,
				F0693FCBB287EBB47FB60E5D /* Release */,
			);
			defaultConfigurationIsVisible = 0;
			defaultConfigurationName = Debug;
		};
/* End XCConfigurationList section */

/* Begin XCRemoteSwiftPackageReference section */
		A980019BBFA08BADB3347E4A /* XCRemoteSwiftPackageReference "swift-markdown" */ = {
			isa = XCRemoteSwiftPackageReference;
			repositoryURL = "https://github.com/swiftlang/swift-markdown";
			requirement = {
				kind = upToNextMajorVersion;
				minimumVersion = 0.7.3;
			};
		};
		CEV000000000000000000001 /* XCRemoteSwiftPackageReference "CodeEditorView" */ = {
			isa = XCRemoteSwiftPackageReference;
			repositoryURL = "https://github.com/mchakravarty/CodeEditorView";
			requirement = {
				kind = upToNextMajorVersion;
				minimumVersion = 0.14.0;
			};
		};
/* End XCRemoteSwiftPackageReference section */

/* Begin XCSwiftPackageProductDependency section */
		184C764542543F1C28C0576B /* Markdown */ = {
			isa = XCSwiftPackageProductDependency;
			package = A980019BBFA08BADB3347E4A /* XCRemoteSwiftPackageReference "swift-markdown" */;
			productName = Markdown;
		};
		CEV000000000000000000002 /* CodeEditorView */ = {
			isa = XCSwiftPackageProductDependency;
			package = CEV000000000000000000001 /* XCRemoteSwiftPackageReference "CodeEditorView" */;
			productName = CodeEditorView;
		};
/* End XCSwiftPackageProductDependency section */
	};
	rootObject = F4206B017F43AA6FF9F002F0 /* Project object */;
}
